
Microsoft Visual Studio Solution File, Format Version 12.00
# Visual Studio Version 16
VisualStudioVersion = 16.0.32002.261
MinimumVisualStudioVersion = 10.0.40219.1
Project("{FAE04EC0-301F-11D3-BF4B-00C04F79EFBC}") = "MVCSystemDemo", "MVCSystemDemo\MVCSystemDemo.csproj", "{5703379D-9D6E-4A5F-A629-AF215FBB83D1}"
EndProject
Global
	GlobalSection(SolutionConfigurationPlatforms) = preSolution
		Debug|Any CPU = Debug|Any CPU
		Release|Any CPU = Release|Any CPU
	EndGlobalSection
	GlobalSection(ProjectConfigurationPlatforms) = postSolution
		{5703379D-9D6E-4A5F-A629-AF215FBB83D1}.Debug|Any CPU.ActiveCfg = Debug|Any CPU
		{5703379D-9D6E-4A5F-A629-AF215FBB83D1}.Debug|Any CPU.Build.0 = Debug|Any CPU
		{5703379D-9D6E-4A5F-A629-AF215FBB83D1}.Release|Any CPU.ActiveCfg = Release|Any CPU
		{5703379D-9D6E-4A5F-A629-AF215FBB83D1}.Release|Any CPU.Build.0 = Release|Any CPU
	EndGlobalSection
	GlobalSection(SolutionProperties) = preSolution
		HideSolutionNode = FALSE
	EndGlobalSection
	GlobalSection(ExtensibilityGlobals) = postSolution
		SolutionGuid = {E1DD84C2-09DB-44FE-A44C-D4BEFE4B3DCB}
	EndGlobalSection
EndGlobal
